
Microsoft Visual Studio Solution File, Format Version 12.00
# Visual Studio Version 16
VisualStudioVersion = 16.6.30114.105
MinimumVisualStudioVersion = 10.0.40219.1
Project("{9A19103F-16F7-4668-BE54-9A1E7A4F7556}") = "Dishonored2Tool", "Dishonored2Tool\Dishonored2Tool.csproj", "{FFC0B098-37AE-436A-98DD-19D593B253B9}"
EndProject
Project("{9A19103F-16F7-4668-BE54-9A1E7A4F7556}") = "Dishonored2Tool.UI", "Dishonored2Tool.UI\Dishonored2Tool.UI.csproj", "{105CD603-62C6-4E5A-A09B-5B6F4FEB75DE}"
EndProject
Project("{FAE04EC0-301F-11D3-BF4B-00C04F79EFBC}") = "Dishonored2Tool.Models", "Dishonored2Tool.Models\Dishonored2Tool.Models.csproj", "{2049A209-D1D3-49F8-8704-AD80252AA423}"
EndProject
Project("{FAE04EC0-301F-11D3-BF4B-00C04F79EFBC}") = "Dishonored2Tool.ViewModels", "Dishonored2Tool.ViewModels\Dishonored2Tool.ViewModels.csproj", "{7BCA66DE-0370-4D22-83B2-2CB6DDA88A85}"
EndProject
Global
	GlobalSection(SolutionConfigurationPlatforms) = preSolution
		Debug|Any CPU = Debug|Any CPU
		Debug|ARM = Debug|ARM
		Debug|ARM64 = Debug|ARM64
		Debug|x64 = Debug|x64
		Debug|x86 = Debug|x86
		Release|Any CPU = Release|Any CPU
		Release|ARM = Release|ARM
		Release|ARM64 = Release|ARM64
		Release|x64 = Release|x64
		Release|x86 = Release|x86
	EndGlobalSection
	GlobalSection(ProjectConfigurationPlatforms) = postSolution
		{FFC0B098-37AE-436A-98DD-19D593B253B9}.Debug|Any CPU.ActiveCfg = Debug|Any CPU
		{FFC0B098-37AE-436A-98DD-19D593B253B9}.Debug|Any CPU.Build.0 = Debug|Any CPU
		{FFC0B098-37AE-436A-98DD-19D593B253B9}.Debug|ARM.ActiveCfg = Debug|Any CPU
		{FFC0B098-37AE-436A-98DD-19D593B253B9}.Debug|ARM.Build.0 = Debug|Any CPU
		{FFC0B098-37AE-436A-98DD-19D593B253B9}.Debug|ARM64.ActiveCfg = Debug|Any CPU
		{FFC0B098-37AE-436A-98DD-19D593B253B9}.Debug|ARM64.Build.0 = Debug|Any CPU
		{FFC0B098-37AE-436A-98DD-19D593B253B9}.Debug|x64.ActiveCfg = Debug|Any CPU
		{FFC0B098-37AE-436A-98DD-19D593B253B9}.Debug|x64.Build.0 = Debug|Any CPU
		{FFC0B098-37AE-436A-98DD-19D593B253B9}.Debug|x86.ActiveCfg = Debug|Any CPU
		{FFC0B098-37AE-436A-98DD-19D593B253B9}.Debug|x86.Build.0 = Debug|Any CPU
		{FFC0B098-37AE-436A-98DD-19D593B253B9}.Release|Any CPU.ActiveCfg = Release|Any CPU
		{FFC0B098-37AE-436A-98DD-19D593B253B9}.Release|Any CPU.Build.0 = Release|Any CPU
		{FFC0B098-37AE-436A-98DD-19D593B253B9}.Release|ARM.ActiveCfg = Release|Any CPU
		{FFC0B098-37AE-436A-98DD-19D593B253B9}.Release|ARM.Build.0 = Release|Any CPU
		{FFC0B098-37AE-436A-98DD-19D593B253B9}.Release|ARM64.ActiveCfg = Release|Any CPU
		{FFC0B098-37AE-436A-98DD-19D593B253B9}.Release|ARM64.Build.0 = Release|Any CPU
		{FFC0B098-37AE-436A-98DD-19D593B253B9}.Release|x64.ActiveCfg = Release|Any CPU
		{FFC0B098-37AE-436A-98DD-19D593B253B9}.Release|x64.Build.0 = Release|Any CPU
		{FFC0B098-37AE-436A-98DD-19D593B253B9}.Release|x86.ActiveCfg = Release|Any CPU
		{FFC0B098-37AE-436A-98DD-19D593B253B9}.Release|x86.Build.0 = Release|Any CPU
		{105CD603-62C6-4E5A-A09B-5B6F4FEB75DE}.Debug|Any CPU.ActiveCfg = Debug|Any CPU
		{105CD603-62C6-4E5A-A09B-5B6F4FEB75DE}.Debug|Any CPU.Build.0 = Debug|Any CPU
		{105CD603-62C6-4E5A-A09B-5B6F4FEB75DE}.Debug|ARM.ActiveCfg = Debug|Any CPU
		{105CD603-62C6-4E5A-A09B-5B6F4FEB75DE}.Debug|ARM.Build.0 = Debug|Any CPU
		{105CD603-62C6-4E5A-A09B-5B6F4FEB75DE}.Debug|ARM64.ActiveCfg = Debug|Any CPU
		{105CD603-62C6-4E5A-A09B-5B6F4FEB75DE}.Debug|ARM64.Build.0 = Debug|Any CPU
		{105CD603-62C6-4E5A-A09B-5B6F4FEB75DE}.Debug|x64.ActiveCfg = Debug|Any CPU
		{105CD603-62C6-4E5A-A09B-5B6F4FEB75DE}.Debug|x64.Build.0 = Debug|Any CPU
		{105CD603-62C6-4E5A-A09B-5B6F4FEB75DE}.Debug|x86.ActiveCfg = Debug|Any CPU
		{105CD603-62C6-4E5A-A09B-5B6F4FEB75DE}.Debug|x86.Build.0 = Debug|Any CPU
		{105CD603-62C6-4E5A-A09B-5B6F4FEB75DE}.Release|Any CPU.ActiveCfg = Release|Any CPU
		{105CD603-62C6-4E5A-A09B-5B6F4FEB75DE}.Release|Any CPU.Build.0 = Release|Any CPU
		{105CD603-62C6-4E5A-A09B-5B6F4FEB75DE}.Release|ARM.ActiveCfg = Release|Any CPU
		{105CD603-62C6-4E5A-A09B-5B6F4FEB75DE}.Release|ARM.Build.0 = Release|Any CPU
		{105CD603-62C6-4E5A-A09B-5B6F4FEB75DE}.Release|ARM64.ActiveCfg = Release|Any CPU
		{105CD603-62C6-4E5A-A09B-5B6F4FEB75DE}.Release|ARM64.Build.0 = Release|Any CPU
		{105CD603-62C6-4E5A-A09B-5B6F4FEB75DE}.Release|x64.ActiveCfg = Release|Any CPU
		{105CD603-62C6-4E5A-A09B-5B6F4FEB75DE}.Release|x64.Build.0 = Release|Any CPU
		{105CD603-62C6-4E5A-A09B-5B6F4FEB75DE}.Release|x86.ActiveCfg = Release|Any CPU
		{105CD603-62C6-4E5A-A09B-5B6F4FEB75DE}.Release|x86.Build.0 = Release|Any CPU
		{2049A209-D1D3-49F8-8704-AD80252AA423}.Debug|Any CPU.ActiveCfg = Debug|Any CPU
		{2049A209-D1D3-49F8-8704-AD80252AA423}.Debug|Any CPU.Build.0 = Debug|Any CPU
		{2049A209-D1D3-49F8-8704-AD80252AA423}.Debug|ARM.ActiveCfg = Debug|Any CPU
		{2049A209-D1D3-49F8-8704-AD80252AA423}.Debug|ARM.Build.0 = Debug|Any CPU
		{2049A209-D1D3-49F8-8704-AD80252AA423}.Debug|ARM64.ActiveCfg = Debug|Any CPU
		{2049A209-D1D3-49F8-8704-AD80252AA423}.Debug|ARM64.Build.0 = Debug|Any CPU
		{2049A209-D1D3-49F8-8704-AD80252AA423}.Debug|x64.ActiveCfg = Debug|Any CPU
		{2049A209-D1D3-49F8-8704-AD80252AA423}.Debug|x64.Build.0 = Debug|Any CPU
		{2049A209-D1D3-49F8-8704-AD80252AA423}.Debug|x86.ActiveCfg = Debug|Any CPU
		{2049A209-D1D3-49F8-8704-AD80252AA423}.Debug|x86.Build.0 = Debug|Any CPU
		{2049A209-D1D3-49F8-8704-AD80252AA423}.Release|Any CPU.ActiveCfg = Release|Any CPU
		{2049A209-D1D3-49F8-8704-AD80252AA423}.Release|Any CPU.Build.0 = Release|Any CPU
		{2049A209-D1D3-49F8-8704-AD80252AA423}.Release|ARM.ActiveCfg = Release|Any CPU
		{2049A209-D1D3-49F8-8704-AD80252AA423}.Release|ARM.Build.0 = Release|Any CPU
		{2049A209-D1D3-49F8-8704-AD80252AA423}.Release|ARM64.ActiveCfg = Release|Any CPU
		{2049A209-D1D3-49F8-8704-AD80252AA423}.Release|ARM64.Build.0 = Release|Any CPU
		{2049A209-D1D3-49F8-8704-AD80252AA423}.Release|x64.ActiveCfg = Release|Any CPU
		{2049A209-D1D3-49F8-8704-AD80252AA423}.Release|x64.Build.0 = Release|Any CPU
		{2049A209-D1D3-49F8-8704-AD80252AA423}.Release|x86.ActiveCfg = Release|Any CPU
		{2049A209-D1D3-49F8-8704-AD80252AA423}.Release|x86.Build.0 = Release|Any CPU
		{7BCA66DE-0370-4D22-83B2-2CB6DDA88A85}.Debug|Any CPU.ActiveCfg = Debug|Any CPU
		{7BCA66DE-0370-4D22-83B2-2CB6DDA88A85}.Debug|Any CPU.Build.0 = Debug|Any CPU
		{7BCA66DE-0370-4D22-83B2-2CB6DDA88A85}.Debug|ARM.ActiveCfg = Debug|Any CPU
		{7BCA66DE-0370-4D22-83B2-2CB6DDA88A85}.Debug|ARM.Build.0 = Debug|Any CPU
		{7BCA66DE-0370-4D22-83B2-2CB6DDA88A85}.Debug|ARM64.ActiveCfg = Debug|Any CPU
		{7BCA66DE-0370-4D22-83B2-2CB6DDA88A85}.Debug|ARM64.Build.0 = Debug|Any CPU
		{7BCA66DE-0370-4D22-83B2-2CB6DDA88A85}.Debug|x64.ActiveCfg = Debug|Any CPU
		{7BCA66DE-0370-4D22-83B2-2CB6DDA88A85}.Debug|x64.Build.0 = Debug|Any CPU
		{7BCA66DE-0370-4D22-83B2-2CB6DDA88A85}.Debug|x86.ActiveCfg = Debug|Any CPU
		{7BCA66DE-0370-4D22-83B2-2CB6DDA88A85}.Debug|x86.Build.0 = Debug|Any CPU
		{7BCA66DE-0370-4D22-83B2-2CB6DDA88A85}.Release|Any CPU.ActiveCfg = Release|Any CPU
		{7BCA66DE-0370-4D22-83B2-2CB6DDA88A85}.Release|Any CPU.Build.0 = Release|Any CPU
		{7BCA66DE-0370-4D22-83B2-2CB6DDA88A85}.Release|ARM.ActiveCfg = Release|Any CPU
		{7BCA66DE-0370-4D22-83B2-2CB6DDA88A85}.Release|ARM.Build.0 = Release|Any CPU
		{7BCA66DE-0370-4D22-83B2-2CB6DDA88A85}.Release|ARM64.ActiveCfg = Release|Any CPU
		{7BCA66DE-0370-4D22-83B2-2CB6DDA88A85}.Release|ARM64.Build.0 = Release|Any CPU
		{7BCA66DE-0370-4D22-83B2-2CB6DDA88A85}.Release|x64.ActiveCfg = Release|Any CPU
		{7BCA66DE-0370-4D22-83B2-2CB6DDA88A85}.Release|x64.Build.0 = Release|Any CPU
		{7BCA66DE-0370-4D22-83B2-2CB6DDA88A85}.Release|x86.ActiveCfg = Release|Any CPU
		{7BCA66DE-0370-4D22-83B2-2CB6DDA88A85}.Release|x86.Build.0 = Release|Any CPU
	EndGlobalSection
	GlobalSection(SolutionProperties) = preSolution
		HideSolutionNode = FALSE
	EndGlobalSection
	GlobalSection(ExtensibilityGlobals) = postSolution
		SolutionGuid = {69512E81-3E93-49D7-B34F-00A8B46733C5}
	EndGlobalSection
EndGlobal
